<?xml version="1.0" encoding="UTF-8" standalone="yes" ?>
<CodeBlocks_project_file>
	<FileVersion major="1" minor="6" />
	<Project>
		<Option title="ise" />
		<Option pch_mode="2" />
		<Option compiler="gcc" />
		<Build>
			<Target title="Debug">
				<Option output="bin/Debug/ise" prefix_auto="1" extension_auto="1" />
				<Option object_output="obj/Debug/" />
				<Option type="1" />
				<Option compiler="gcc" />
				<Compiler>
					<Add option="-g" />
				</Compiler>
			</Target>
			<Target title="Release">
				<Option output="bin/Release/ise" prefix_auto="1" extension_auto="1" />
				<Option object_output="obj/Release/" />
				<Option type="1" />
				<Option compiler="gcc" />
				<Compiler>
					<Add option="-O2" />
				</Compiler>
				<Linker>
					<Add option="-s" />
				</Linker>
			</Target>
		</Build>
		<Compiler>
			<Add option="-Wall" />
		</Compiler>
		<Unit filename="../examples/db_server/db_server.cpp" />
		<Unit filename="../examples/db_server/db_server.h" />
		<Unit filename="../examples/db_server/game_define/BaseType.h" />
		<Unit filename="../examples/db_server/game_define/Protocol.h" />
		<Unit filename="../examples/db_server/server_msg.cpp" />
		<Unit filename="../examples/game_server/bass_class/Entry.h" />
		<Unit filename="../examples/game_server/bass_class/Singleton.h" />
		<Unit filename="../examples/game_server/client_msg.cpp" />
		<Unit filename="../examples/game_server/game_core/ConfigManager.cpp" />
		<Unit filename="../examples/game_server/game_core/ConfigManager.h" />
		<Unit filename="../examples/game_server/game_core/GamePlayer.cpp" />
		<Unit filename="../examples/game_server/game_core/GamePlayer.h" />
		<Unit filename="../examples/game_server/game_core/GamePlayerManager.cpp" />
		<Unit filename="../examples/game_server/game_core/GamePlayerManager.h" />
		<Unit filename="../examples/game_server/game_define/BaseType.h" />
		<Unit filename="../examples/game_server/game_define/Protocol.h" />
		<Unit filename="../examples/game_server/inner_msg.cpp" />
		<Unit filename="../examples/game_server/main_server.cpp" />
		<Unit filename="../examples/game_server/main_server.h" />
		<Unit filename="../examples/game_server/tools/CommonTools.h" />
		<Unit filename="../examples/game_server/tools/MemoryChunk.h" />
		<Unit filename="../examples/game_server/tools/ObejctManager.h" />
		<Unit filename="../examples/game_server/tools/StaticMemory.h" />
		<Unit filename="../examples/login_server/login_server.cpp" />
		<Unit filename="../examples/login_server/login_server.h" />
		<Extensions>
			<code_completion />
			<debugger />
		</Extensions>
	</Project>
</CodeBlocks_project_file>
