<?xml version="1.0" encoding="UTF-8" standalone="yes" ?>
<CodeBlocks_project_file>
	<FileVersion major="1" minor="6" />
	<Project>
		<Option title="ise" />
		<Option pch_mode="2" />
		<Option compiler="gcc" />
		<Build>
			<Target title="Debug">
				<Option output="bin/Debug/ise" prefix_auto="1" extension_auto="1" />
				<Option object_output="obj/Debug/" />
				<Option type="1" />
				<Option compiler="gcc" />
				<Compiler>
					<Add option="-g" />
				</Compiler>
			</Target>
			<Target title="Release">
				<Option output="bin/Release/ise" prefix_auto="1" extension_auto="1" />
				<Option object_output="obj/Release/" />
				<Option type="1" />
				<Option compiler="gcc" />
				<Compiler>
					<Add option="-O2" />
				</Compiler>
				<Linker>
					<Add option="-s" />
				</Linker>
			</Target>
		</Build>
		<Compiler>
			<Add option="-Wall" />
		</Compiler>
		<Unit filename="../examples/echo_server/bass_class/Entry.h" />
		<Unit filename="../examples/echo_server/bass_class/Singleton.h" />
		<Unit filename="../examples/echo_server/client_msg.cpp" />
		<Unit filename="../examples/echo_server/echo_server.cpp" />
		<Unit filename="../examples/echo_server/echo_server.h" />
		<Unit filename="../examples/echo_server/game_core/ConfigManager.cpp" />
		<Unit filename="../examples/echo_server/game_core/ConfigManager.h" />
		<Unit filename="../examples/echo_server/game_core/GamePlayer.cpp" />
		<Unit filename="../examples/echo_server/game_core/GamePlayer.h" />
		<Unit filename="../examples/echo_server/game_core/GamePlayerManager.cpp" />
		<Unit filename="../examples/echo_server/game_core/GamePlayerManager.h" />
		<Unit filename="../examples/echo_server/game_define/BaseType.h" />
		<Unit filename="../examples/echo_server/game_define/Protocol.h" />
		<Unit filename="../examples/echo_server/tools/CommonTools.h" />
		<Unit filename="../examples/echo_server/tools/MemoryChunk.h" />
		<Unit filename="../examples/echo_server/tools/ObejctManager.h" />
		<Unit filename="../examples/echo_server/tools/StaticMemory.h" />
		<Unit filename="ext/dbi/mysql/depend/include/config-win.h" />
		<Unit filename="ext/dbi/mysql/depend/include/decimal.h" />
		<Unit filename="ext/dbi/mysql/depend/include/errmsg.h" />
		<Unit filename="ext/dbi/mysql/depend/include/keycache.h" />
		<Unit filename="ext/dbi/mysql/depend/include/m_ctype.h" />
		<Unit filename="ext/dbi/mysql/depend/include/m_string.h" />
		<Unit filename="ext/dbi/mysql/depend/include/my_alloc.h" />
		<Unit filename="ext/dbi/mysql/depend/include/my_attribute.h" />
		<Unit filename="ext/dbi/mysql/depend/include/my_dbug.h" />
		<Unit filename="ext/dbi/mysql/depend/include/my_dir.h" />
		<Unit filename="ext/dbi/mysql/depend/include/my_getopt.h" />
		<Unit filename="ext/dbi/mysql/depend/include/my_global.h" />
		<Unit filename="ext/dbi/mysql/depend/include/my_list.h" />
		<Unit filename="ext/dbi/mysql/depend/include/my_net.h" />
		<Unit filename="ext/dbi/mysql/depend/include/my_no_pthread.h" />
		<Unit filename="ext/dbi/mysql/depend/include/my_pthread.h" />
		<Unit filename="ext/dbi/mysql/depend/include/my_sys.h" />
		<Unit filename="ext/dbi/mysql/depend/include/my_xml.h" />
		<Unit filename="ext/dbi/mysql/depend/include/mysql.h" />
		<Unit filename="ext/dbi/mysql/depend/include/mysql_com.h" />
		<Unit filename="ext/dbi/mysql/depend/include/mysql_embed.h" />
		<Unit filename="ext/dbi/mysql/depend/include/mysql_time.h" />
		<Unit filename="ext/dbi/mysql/depend/include/mysql_version.h" />
		<Unit filename="ext/dbi/mysql/depend/include/mysqld_ername.h" />
		<Unit filename="ext/dbi/mysql/depend/include/mysqld_error.h" />
		<Unit filename="ext/dbi/mysql/depend/include/sql_common.h" />
		<Unit filename="ext/dbi/mysql/depend/include/sql_state.h" />
		<Unit filename="ext/dbi/mysql/depend/include/sslopt-case.h" />
		<Unit filename="ext/dbi/mysql/depend/include/sslopt-longopts.h" />
		<Unit filename="ext/dbi/mysql/depend/include/sslopt-vars.h" />
		<Unit filename="ext/dbi/mysql/depend/include/typelib.h" />
		<Unit filename="ext/dbi/mysql/ise_dbi_mysql.cpp" />
		<Unit filename="ext/dbi/mysql/ise_dbi_mysql.h" />
		<Unit filename="ext/utils/cipher/ise_cipher.cpp" />
		<Unit filename="ext/utils/cipher/ise_cipher.h" />
		<Unit filename="ext/utils/json/autolink.h" />
		<Unit filename="ext/utils/json/config.h" />
		<Unit filename="ext/utils/json/features.h" />
		<Unit filename="ext/utils/json/forwards.h" />
		<Unit filename="ext/utils/json/json.h" />
		<Unit filename="ext/utils/json/json_batchallocator.h" />
		<Unit filename="ext/utils/json/json_reader.cpp" />
		<Unit filename="ext/utils/json/json_value.cpp" />
		<Unit filename="ext/utils/json/json_writer.cpp" />
		<Unit filename="ext/utils/json/reader.h" />
		<Unit filename="ext/utils/json/value.h" />
		<Unit filename="ext/utils/json/writer.h" />
		<Unit filename="ext/utils/xml/ise_xml.cpp" />
		<Unit filename="ext/utils/xml/ise_xml.h" />
		<Unit filename="main/ise.h" />
		<Unit filename="main/ise_application.cpp" />
		<Unit filename="main/ise_application.h" />
		<Unit filename="main/ise_assert.cpp" />
		<Unit filename="main/ise_assert.h" />
		<Unit filename="main/ise_classes.cpp" />
		<Unit filename="main/ise_classes.h" />
		<Unit filename="main/ise_database.cpp" />
		<Unit filename="main/ise_database.h" />
		<Unit filename="main/ise_epoll.cpp" />
		<Unit filename="main/ise_epoll.h" />
		<Unit filename="main/ise_err_msgs.h" />
		<Unit filename="main/ise_event_loop.cpp" />
		<Unit filename="main/ise_event_loop.h" />
		<Unit filename="main/ise_exceptions.cpp" />
		<Unit filename="main/ise_exceptions.h" />
		<Unit filename="main/ise_global_defs.h" />
		<Unit filename="main/ise_http.cpp" />
		<Unit filename="main/ise_http.h" />
		<Unit filename="main/ise_inspector.cpp" />
		<Unit filename="main/ise_inspector.h" />
		<Unit filename="main/ise_iocp.cpp" />
		<Unit filename="main/ise_iocp.h" />
		<Unit filename="main/ise_options.h" />
		<Unit filename="main/ise_server_assistor.cpp" />
		<Unit filename="main/ise_server_assistor.h" />
		<Unit filename="main/ise_server_tcp.cpp" />
		<Unit filename="main/ise_server_tcp.h" />
		<Unit filename="main/ise_server_udp.cpp" />
		<Unit filename="main/ise_server_udp.h" />
		<Unit filename="main/ise_socket.cpp" />
		<Unit filename="main/ise_socket.h" />
		<Unit filename="main/ise_stldefs.h" />
		<Unit filename="main/ise_svr_mod.cpp" />
		<Unit filename="main/ise_svr_mod.h" />
		<Unit filename="main/ise_svr_mod_msgs.h" />
		<Unit filename="main/ise_sys_threads.cpp" />
		<Unit filename="main/ise_sys_threads.h" />
		<Unit filename="main/ise_sys_utils.cpp" />
		<Unit filename="main/ise_sys_utils.h" />
		<Unit filename="main/ise_template.cpp" />
		<Unit filename="main/ise_template.h" />
		<Unit filename="main/ise_thread.cpp" />
		<Unit filename="main/ise_thread.h" />
		<Unit filename="main/ise_timer.cpp" />
		<Unit filename="main/ise_timer.h" />
		<Extensions>
			<code_completion />
			<debugger />
		</Extensions>
	</Project>
</CodeBlocks_project_file>
